
Microsoft Visual Studio Solution File, Format Version 12.00
# Visual Studio 14
VisualStudioVersion = 14.0.23107.0
MinimumVisualStudioVersion = 10.0.40219.1
Project("{FAE04EC0-301F-11D3-BF4B-00C04F79EFBC}") = "TDDBC_Pocker", "TDDBC_Pocker\TDDBC_Pocker.csproj", "{4991EAA0-12CD-4845-8705-B98AF866CF88}"
EndProject
Project("{FAE04EC0-301F-11D3-BF4B-00C04F79EFBC}") = "UnitTestProject", "UnitTestProject\UnitTestProject.csproj", "{1365D61A-69C3-41F1-A103-507FD737C24E}"
EndProject
Global
	GlobalSection(SolutionConfigurationPlatforms) = preSolution
		Debug|Any CPU = Debug|Any CPU
		Release|Any CPU = Release|Any CPU
	EndGlobalSection
	GlobalSection(ProjectConfigurationPlatforms) = postSolution
		{4991EAA0-12CD-4845-8705-B98AF866CF88}.Debug|Any CPU.ActiveCfg = Debug|Any CPU
		{4991EAA0-12CD-4845-8705-B98AF866CF88}.Debug|Any CPU.Build.0 = Debug|Any CPU
		{4991EAA0-12CD-4845-8705-B98AF866CF88}.Release|Any CPU.ActiveCfg = Release|Any CPU
		{4991EAA0-12CD-4845-8705-B98AF866CF88}.Release|Any CPU.Build.0 = Release|Any CPU
		{1365D61A-69C3-41F1-A103-507FD737C24E}.Debug|Any CPU.ActiveCfg = Debug|Any CPU
		{1365D61A-69C3-41F1-A103-507FD737C24E}.Debug|Any CPU.Build.0 = Debug|Any CPU
		{1365D61A-69C3-41F1-A103-507FD737C24E}.Release|Any CPU.ActiveCfg = Release|Any CPU
		{1365D61A-69C3-41F1-A103-507FD737C24E}.Release|Any CPU.Build.0 = Release|Any CPU
	EndGlobalSection
	GlobalSection(SolutionProperties) = preSolution
		HideSolutionNode = FALSE
	EndGlobalSection
EndGlobal
